// !$*UTF8*$!
{
	archiveVersion = 1;
	classes = {
	};
	objectVersion = 46;
	objects = {

/* Begin PBXBuildFile section */
		177E79CF123B992700A02EF6 /* NDConstants.m in Sources */ = {isa = PBXBuildFile; fileRef = 177E79CE123B992700A02EF6 /* NDConstants.m */; };
		17892D49123162F2002FD07B /* NDLogger.m in Sources */ = {isa = PBXBuildFile; fileRef = 17892D48123162F2002FD07B /* NDLogger.m */; };
		17892D6612316B0E002FD07B /* NDNetworkNode.m in Sources */ = {isa = PBXBuildFile; fileRef = 17892D6512316B0E002FD07B /* NDNetworkNode.m */; };
		17892E2612319B55002FD07B /* AsyncSocket.m in Sources */ = {isa = PBXBuildFile; fileRef = 17892E2512319B55002FD07B /* AsyncSocket.m */; };
		17892E2B12319B95002FD07B /* NDNetworkMessage.m in Sources */ = {isa = PBXBuildFile; fileRef = 17892E2A12319B95002FD07B /* NDNetworkMessage.m */; };
		17A0AE551239301200F903F4 /* NDMessageBroker.m in Sources */ = {isa = PBXBuildFile; fileRef = 17A0AE541239301200F903F4 /* NDMessageBroker.m */; };
		17C6A3CE12302A0300E444D9 /* main.m in Sources */ = {isa = PBXBuildFile; fileRef = 17C6A3CC12302A0300E444D9 /* main.m */; };
		17C6A4AB1230592600E444D9 /* NDLogController.m in Sources */ = {isa = PBXBuildFile; fileRef = 17C6A4AA1230592600E444D9 /* NDLogController.m */; };
		17C6A57A1231586F00E444D9 /* NDLogMessage.m in Sources */ = {isa = PBXBuildFile; fileRef = 17C6A5791231586F00E444D9 /* NDLogMessage.m */; };
		17D508EF1235A2200091C008 /* NDNetworkClient.m in Sources */ = {isa = PBXBuildFile; fileRef = 17D508EE1235A2200091C008 /* NDNetworkClient.m */; };
		17D508F21235A22C0091C008 /* NDNetworkServer.m in Sources */ = {isa = PBXBuildFile; fileRef = 17D508F11235A22C0091C008 /* NDNetworkServer.m */; };
		1DDD58160DA1D0A300B32029 /* NetDemo.xib in Resources */ = {isa = PBXBuildFile; fileRef = 1DDD58140DA1D0A300B32029 /* NetDemo.xib */; };
		256AC3DA0F4B6AC300CF3369 /* NDAppController.m in Sources */ = {isa = PBXBuildFile; fileRef = 256AC3D90F4B6AC300CF3369 /* NDAppController.m */; };
		8D11072F0486CEB800E47090 /* Cocoa.framework in Frameworks */ = {isa = PBXBuildFile; fileRef = 1058C7A1FEA54F0111CA2CBB /* Cocoa.framework */; };
/* End PBXBuildFile section */

/* Begin PBXFileReference section */
		1058C7A1FEA54F0111CA2CBB /* Cocoa.framework */ = {isa = PBXFileReference; lastKnownFileType = wrapper.framework; name = Cocoa.framework; path = /System/Library/Frameworks/Cocoa.framework; sourceTree = "<absolute>"; };
		177E79CD123B992700A02EF6 /* NDConstants.h */ = {isa = PBXFileReference; fileEncoding = 4; lastKnownFileType = sourcecode.c.h; path = NDConstants.h; sourceTree = "<group>"; };
		177E79CE123B992700A02EF6 /* NDConstants.m */ = {isa = PBXFileReference; fileEncoding = 4; lastKnownFileType = sourcecode.c.objc; path = NDConstants.m; sourceTree = "<group>"; };
		17892D47123162F2002FD07B /* NDLogger.h */ = {isa = PBXFileReference; fileEncoding = 4; lastKnownFileType = sourcecode.c.h; path = NDLogger.h; sourceTree = "<group>"; };
		17892D48123162F2002FD07B /* NDLogger.m */ = {isa = PBXFileReference; fileEncoding = 4; lastKnownFileType = sourcecode.c.objc; path = NDLogger.m; sourceTree = "<group>"; };
		17892D6412316B0E002FD07B /* NDNetworkNode.h */ = {isa = PBXFileReference; fileEncoding = 4; lastKnownFileType = sourcecode.c.h; path = NDNetworkNode.h; sourceTree = "<group>"; };
		17892D6512316B0E002FD07B /* NDNetworkNode.m */ = {isa = PBXFileReference; fileEncoding = 4; lastKnownFileType = sourcecode.c.objc; path = NDNetworkNode.m; sourceTree = "<group>"; };
		17892E2412319B55002FD07B /* AsyncSocket.h */ = {isa = PBXFileReference; fileEncoding = 4; lastKnownFileType = sourcecode.c.h; path = AsyncSocket.h; sourceTree = "<group>"; };
		17892E2512319B55002FD07B /* AsyncSocket.m */ = {isa = PBXFileReference; fileEncoding = 4; lastKnownFileType = sourcecode.c.objc; path = AsyncSocket.m; sourceTree = "<group>"; };
		17892E2912319B95002FD07B /* NDNetworkMessage.h */ = {isa = PBXFileReference; fileEncoding = 4; lastKnownFileType = sourcecode.c.h; path = NDNetworkMessage.h; sourceTree = "<group>"; };
		17892E2A12319B95002FD07B /* NDNetworkMessage.m */ = {isa = PBXFileReference; fileEncoding = 4; lastKnownFileType = sourcecode.c.objc; path = NDNetworkMessage.m; sourceTree = "<group>"; };
		17A0AE531239301200F903F4 /* NDMessageBroker.h */ = {isa = PBXFileReference; fileEncoding = 4; lastKnownFileType = sourcecode.c.h; path = NDMessageBroker.h; sourceTree = "<group>"; };
		17A0AE541239301200F903F4 /* NDMessageBroker.m */ = {isa = PBXFileReference; fileEncoding = 4; lastKnownFileType = sourcecode.c.objc; path = NDMessageBroker.m; sourceTree = "<group>"; };
		17A0AEAA1239929C00F903F4 /* NDMessageBrokerDelegate.h */ = {isa = PBXFileReference; fileEncoding = 4; lastKnownFileType = sourcecode.c.h; path = NDMessageBrokerDelegate.h; sourceTree = "<group>"; };
		17A0AEBE1239A41B00F903F4 /* NDNetworkServerDelegate.h */ = {isa = PBXFileReference; fileEncoding = 4; lastKnownFileType = sourcecode.c.h; path = NDNetworkServerDelegate.h; sourceTree = "<group>"; };
		17A0AFD2123AA26300F903F4 /* NDLoggerDelegate.h */ = {isa = PBXFileReference; fileEncoding = 4; lastKnownFileType = sourcecode.c.h; path = NDLoggerDelegate.h; sourceTree = "<group>"; };
		17C6A3CC12302A0300E444D9 /* main.m */ = {isa = PBXFileReference; fileEncoding = 4; lastKnownFileType = sourcecode.c.objc; path = main.m; sourceTree = "<group>"; };
		17C6A3CD12302A0300E444D9 /* NetDemo.pch */ = {isa = PBXFileReference; fileEncoding = 4; lastKnownFileType = sourcecode.c.h; path = NetDemo.pch; sourceTree = "<group>"; };
		17C6A3CF12302A1F00E444D9 /* Info.plist */ = {isa = PBXFileReference; fileEncoding = 4; lastKnownFileType = text.plist.xml; name = Info.plist; path = Resources/Info.plist; sourceTree = "<group>"; };
		17C6A3D112302A1F00E444D9 /* NetDemo.app */ = {isa = PBXFileReference; explicitFileType = wrapper.application; includeInIndex = 0; path = NetDemo.app; sourceTree = BUILT_PRODUCTS_DIR; };
		17C6A4A91230592600E444D9 /* NDLogController.h */ = {isa = PBXFileReference; fileEncoding = 4; lastKnownFileType = sourcecode.c.h; path = NDLogController.h; sourceTree = "<group>"; };
		17C6A4AA1230592600E444D9 /* NDLogController.m */ = {isa = PBXFileReference; fileEncoding = 4; lastKnownFileType = sourcecode.c.objc; path = NDLogController.m; sourceTree = "<group>"; };
		17C6A5781231586F00E444D9 /* NDLogMessage.h */ = {isa = PBXFileReference; fileEncoding = 4; lastKnownFileType = sourcecode.c.h; path = NDLogMessage.h; sourceTree = "<group>"; };
		17C6A5791231586F00E444D9 /* NDLogMessage.m */ = {isa = PBXFileReference; fileEncoding = 4; lastKnownFileType = sourcecode.c.objc; path = NDLogMessage.m; sourceTree = "<group>"; };
		17D508ED1235A2200091C008 /* NDNetworkClient.h */ = {isa = PBXFileReference; fileEncoding = 4; lastKnownFileType = sourcecode.c.h; path = NDNetworkClient.h; sourceTree = "<group>"; };
		17D508EE1235A2200091C008 /* NDNetworkClient.m */ = {isa = PBXFileReference; fileEncoding = 4; lastKnownFileType = sourcecode.c.objc; path = NDNetworkClient.m; sourceTree = "<group>"; };
		17D508F01235A22C0091C008 /* NDNetworkServer.h */ = {isa = PBXFileReference; fileEncoding = 4; lastKnownFileType = sourcecode.c.h; path = NDNetworkServer.h; sourceTree = "<group>"; };
		17D508F11235A22C0091C008 /* NDNetworkServer.m */ = {isa = PBXFileReference; fileEncoding = 4; lastKnownFileType = sourcecode.c.objc; path = NDNetworkServer.m; sourceTree = "<group>"; };
		1DDD58150DA1D0A300B32029 /* English */ = {isa = PBXFileReference; lastKnownFileType = file.xib; name = English; path = English.lproj/NetDemo.xib; sourceTree = "<group>"; };
		256AC3D80F4B6AC300CF3369 /* NDAppController.h */ = {isa = PBXFileReference; fileEncoding = 4; lastKnownFileType = sourcecode.c.h; path = NDAppController.h; sourceTree = "<group>"; };
		256AC3D90F4B6AC300CF3369 /* NDAppController.m */ = {isa = PBXFileReference; fileEncoding = 4; lastKnownFileType = sourcecode.c.objc; path = NDAppController.m; sourceTree = "<group>"; };
		29B97324FDCFA39411CA2CEA /* AppKit.framework */ = {isa = PBXFileReference; lastKnownFileType = wrapper.framework; name = AppKit.framework; path = /System/Library/Frameworks/AppKit.framework; sourceTree = "<absolute>"; };
		29B97325FDCFA39411CA2CEA /* Foundation.framework */ = {isa = PBXFileReference; lastKnownFileType = wrapper.framework; name = Foundation.framework; path = /System/Library/Frameworks/Foundation.framework; sourceTree = "<absolute>"; };
/* End PBXFileReference section */

/* Begin PBXFrameworksBuildPhase section */
		8D11072E0486CEB800E47090 /* Frameworks */ = {
			isa = PBXFrameworksBuildPhase;
			buildActionMask = 2147483647;
			files = (
				8D11072F0486CEB800E47090 /* Cocoa.framework in Frameworks */,
			);
			runOnlyForDeploymentPostprocessing = 0;
		};
/* End PBXFrameworksBuildPhase section */

/* Begin PBXGroup section */
		080E96DDFE201D6D7F000001 /* Source */ = {
			isa = PBXGroup;
			children = (
				17C6A3CC12302A0300E444D9 /* main.m */,
				17C6A3CD12302A0300E444D9 /* NetDemo.pch */,
				17892D6312316AF2002FD07B /* Core */,
				17C6A3D312302A4D00E444D9 /* Controllers */,
				17892D46123162D3002FD07B /* Utils */,
				17892E2312319B2D002FD07B /* Third Party */,
			);
			path = Source;
			sourceTree = "<group>";
		};
		1058C7A0FEA54F0111CA2CBB /* Linked Frameworks */ = {
			isa = PBXGroup;
			children = (
				1058C7A1FEA54F0111CA2CBB /* Cocoa.framework */,
			);
			name = "Linked Frameworks";
			sourceTree = "<group>";
		};
		1058C7A2FEA54F0111CA2CBB /* Other Frameworks */ = {
			isa = PBXGroup;
			children = (
				29B97324FDCFA39411CA2CEA /* AppKit.framework */,
				29B97325FDCFA39411CA2CEA /* Foundation.framework */,
			);
			name = "Other Frameworks";
			sourceTree = "<group>";
		};
		17892D46123162D3002FD07B /* Utils */ = {
			isa = PBXGroup;
			children = (
				17892D47123162F2002FD07B /* NDLogger.h */,
				17892D48123162F2002FD07B /* NDLogger.m */,
				177E79CD123B992700A02EF6 /* NDConstants.h */,
				177E79CE123B992700A02EF6 /* NDConstants.m */,
			);
			name = Utils;
			sourceTree = "<group>";
		};
		17892D6312316AF2002FD07B /* Core */ = {
			isa = PBXGroup;
			children = (
				17892D6412316B0E002FD07B /* NDNetworkNode.h */,
				17892D6512316B0E002FD07B /* NDNetworkNode.m */,
				17D508ED1235A2200091C008 /* NDNetworkClient.h */,
				17D508EE1235A2200091C008 /* NDNetworkClient.m */,
				17D508F01235A22C0091C008 /* NDNetworkServer.h */,
				17D508F11235A22C0091C008 /* NDNetworkServer.m */,
				17A0AE531239301200F903F4 /* NDMessageBroker.h */,
				17A0AE541239301200F903F4 /* NDMessageBroker.m */,
				17C6A5771231585900E444D9 /* Model */,
				17A0AEA912398E4A00F903F4 /* Protocols */,
			);
			name = Core;
			sourceTree = "<group>";
		};
		17892E2312319B2D002FD07B /* Third Party */ = {
			isa = PBXGroup;
			children = (
				17892E2412319B55002FD07B /* AsyncSocket.h */,
				17892E2512319B55002FD07B /* AsyncSocket.m */,
			);
			name = "Third Party";
			sourceTree = "<group>";
		};
		17A0AEA912398E4A00F903F4 /* Protocols */ = {
			isa = PBXGroup;
			children = (
				17A0AFD2123AA26300F903F4 /* NDLoggerDelegate.h */,
				17A0AEBE1239A41B00F903F4 /* NDNetworkServerDelegate.h */,
				17A0AEAA1239929C00F903F4 /* NDMessageBrokerDelegate.h */,
			);
			name = Protocols;
			sourceTree = "<group>";
		};
		17C6A3B31230298100E444D9 /* Interfaces */ = {
			isa = PBXGroup;
			children = (
				1DDD58140DA1D0A300B32029 /* NetDemo.xib */,
			);
			path = Interfaces;
			sourceTree = "<group>";
		};
		17C6A3D312302A4D00E444D9 /* Controllers */ = {
			isa = PBXGroup;
			children = (
				256AC3D80F4B6AC300CF3369 /* NDAppController.h */,
				256AC3D90F4B6AC300CF3369 /* NDAppController.m */,
				17C6A4A91230592600E444D9 /* NDLogController.h */,
				17C6A4AA1230592600E444D9 /* NDLogController.m */,
			);
			name = Controllers;
			sourceTree = "<group>";
		};
		17C6A5771231585900E444D9 /* Model */ = {
			isa = PBXGroup;
			children = (
				17C6A5781231586F00E444D9 /* NDLogMessage.h */,
				17C6A5791231586F00E444D9 /* NDLogMessage.m */,
				17892E2912319B95002FD07B /* NDNetworkMessage.h */,
				17892E2A12319B95002FD07B /* NDNetworkMessage.m */,
			);
			name = Model;
			sourceTree = "<group>";
		};
		19C28FACFE9D520D11CA2CBB /* Products */ = {
			isa = PBXGroup;
			children = (
				17C6A3D112302A1F00E444D9 /* NetDemo.app */,
			);
			name = Products;
			sourceTree = "<group>";
		};
		29B97314FDCFA39411CA2CEA /* NetDemo */ = {
			isa = PBXGroup;
			children = (
				080E96DDFE201D6D7F000001 /* Source */,
				17C6A3B31230298100E444D9 /* Interfaces */,
				29B97317FDCFA39411CA2CEA /* Resources */,
				29B97323FDCFA39411CA2CEA /* Frameworks */,
				19C28FACFE9D520D11CA2CBB /* Products */,
			);
			name = NetDemo;
			sourceTree = "<group>";
		};
		29B97317FDCFA39411CA2CEA /* Resources */ = {
			isa = PBXGroup;
			children = (
				17C6A3CF12302A1F00E444D9 /* Info.plist */,
			);
			name = Resources;
			sourceTree = "<group>";
		};
		29B97323FDCFA39411CA2CEA /* Frameworks */ = {
			isa = PBXGroup;
			children = (
				1058C7A0FEA54F0111CA2CBB /* Linked Frameworks */,
				1058C7A2FEA54F0111CA2CBB /* Other Frameworks */,
			);
			name = Frameworks;
			sourceTree = "<group>";
		};
/* End PBXGroup section */

/* Begin PBXNativeTarget section */
		8D1107260486CEB800E47090 /* NetDemo */ = {
			isa = PBXNativeTarget;
			buildConfigurationList = C01FCF4A08A954540054247B /* Build configuration list for PBXNativeTarget "NetDemo" */;
			buildPhases = (
				8D1107290486CEB800E47090 /* Resources */,
				8D11072C0486CEB800E47090 /* Sources */,
				8D11072E0486CEB800E47090 /* Frameworks */,
			);
			buildRules = (
			);
			dependencies = (
			);
			name = NetDemo;
			productInstallPath = "$(HOME)/Applications";
			productName = NetDemo;
			productReference = 17C6A3D112302A1F00E444D9 /* NetDemo.app */;
			productType = "com.apple.product-type.application";
		};
/* End PBXNativeTarget section */

/* Begin PBXProject section */
		29B97313FDCFA39411CA2CEA /* Project object */ = {
			isa = PBXProject;
			buildConfigurationList = C01FCF4E08A954540054247B /* Build configuration list for PBXProject "NetDemo" */;
			compatibilityVersion = "Xcode 3.2";
			hasScannedForEncodings = 1;
			mainGroup = 29B97314FDCFA39411CA2CEA /* NetDemo */;
			projectDirPath = "";
			projectRoot = "";
			targets = (
				8D1107260486CEB800E47090 /* NetDemo */,
			);
		};
/* End PBXProject section */

/* Begin PBXResourcesBuildPhase section */
		8D1107290486CEB800E47090 /* Resources */ = {
			isa = PBXResourcesBuildPhase;
			buildActionMask = 2147483647;
			files = (
				1DDD58160DA1D0A300B32029 /* NetDemo.xib in Resources */,
			);
			runOnlyForDeploymentPostprocessing = 0;
		};
/* End PBXResourcesBuildPhase section */

/* Begin PBXSourcesBuildPhase section */
		8D11072C0486CEB800E47090 /* Sources */ = {
			isa = PBXSourcesBuildPhase;
			buildActionMask = 2147483647;
			files = (
				256AC3DA0F4B6AC300CF3369 /* NDAppController.m in Sources */,
				17C6A3CE12302A0300E444D9 /* main.m in Sources */,
				17C6A4AB1230592600E444D9 /* NDLogController.m in Sources */,
				17C6A57A1231586F00E444D9 /* NDLogMessage.m in Sources */,
				17892D49123162F2002FD07B /* NDLogger.m in Sources */,
				17892D6612316B0E002FD07B /* NDNetworkNode.m in Sources */,
				17892E2612319B55002FD07B /* AsyncSocket.m in Sources */,
				17892E2B12319B95002FD07B /* NDNetworkMessage.m in Sources */,
				17D508EF1235A2200091C008 /* NDNetworkClient.m in Sources */,
				17D508F21235A22C0091C008 /* NDNetworkServer.m in Sources */,
				17A0AE551239301200F903F4 /* NDMessageBroker.m in Sources */,
				177E79CF123B992700A02EF6 /* NDConstants.m in Sources */,
			);
			runOnlyForDeploymentPostprocessing = 0;
		};
/* End PBXSourcesBuildPhase section */

/* Begin PBXVariantGroup section */
		1DDD58140DA1D0A300B32029 /* NetDemo.xib */ = {
			isa = PBXVariantGroup;
			children = (
				1DDD58150DA1D0A300B32029 /* English */,
			);
			name = NetDemo.xib;
			sourceTree = "<group>";
		};
/* End PBXVariantGroup section */

/* Begin XCBuildConfiguration section */
		C01FCF4B08A954540054247B /* Development */ = {
			isa = XCBuildConfiguration;
			buildSettings = {
				ALWAYS_SEARCH_USER_PATHS = NO;
				COPY_PHASE_STRIP = NO;
				GCC_DYNAMIC_NO_PIC = NO;
				GCC_ENABLE_FIX_AND_CONTINUE = YES;
				GCC_MODEL_TUNING = G5;
				GCC_OPTIMIZATION_LEVEL = 0;
				GCC_PRECOMPILE_PREFIX_HEADER = YES;
				GCC_PREFIX_HEADER = Source/NetDemo.pch;
				INFOPLIST_FILE = Resources/Info.plist;
				INSTALL_PATH = "$(HOME)/Applications";
				PRODUCT_NAME = NetDemo;
			};
			name = Development;
		};
		C01FCF4C08A954540054247B /* Release */ = {
			isa = XCBuildConfiguration;
			buildSettings = {
				ALWAYS_SEARCH_USER_PATHS = NO;
				DEBUG_INFORMATION_FORMAT = "dwarf-with-dsym";
				GCC_MODEL_TUNING = G5;
				GCC_PRECOMPILE_PREFIX_HEADER = YES;
				GCC_PREFIX_HEADER = Source/NetDemo.pch;
				INFOPLIST_FILE = Resources/Info.plist;
				INSTALL_PATH = "$(HOME)/Applications";
				PRODUCT_NAME = NetDemo;
			};
			name = Release;
		};
		C01FCF4F08A954540054247B /* Development */ = {
			isa = XCBuildConfiguration;
			buildSettings = {
				ARCHS = "$(NATIVE_ARCH_ACTUAL)";
				GCC_C_LANGUAGE_STANDARD = gnu99;
				GCC_OPTIMIZATION_LEVEL = 0;
				GCC_TREAT_IMPLICIT_FUNCTION_DECLARATIONS_AS_ERRORS = YES;
				GCC_TREAT_NONCONFORMANT_CODE_ERRORS_AS_WARNINGS = YES;
				GCC_TREAT_WARNINGS_AS_ERRORS = YES;
				GCC_VERSION = com.apple.compilers.llvm.clang.1_0;
				GCC_WARN_64_TO_32_BIT_CONVERSION = YES;
				GCC_WARN_ABOUT_GLOBAL_CONSTRUCTORS = YES;
				GCC_WARN_ABOUT_MISSING_FIELD_INITIALIZERS = YES;
				GCC_WARN_ABOUT_MISSING_NEWLINE = YES;
				GCC_WARN_ABOUT_MISSING_PROTOTYPES = YES;
				GCC_WARN_ABOUT_RETURN_TYPE = YES;
				GCC_WARN_CHECK_SWITCH_STATEMENTS = YES;
				GCC_WARN_EFFECTIVE_CPLUSPLUS_VIOLATIONS = YES;
				GCC_WARN_FOUR_CHARACTER_CONSTANTS = YES;
				GCC_WARN_HIDDEN_VIRTUAL_FUNCTIONS = YES;
				GCC_WARN_INHIBIT_ALL_WARNINGS = YES;
				GCC_WARN_INITIALIZER_NOT_FULLY_BRACKETED = YES;
				GCC_WARN_MISSING_PARENTHESES = YES;
				GCC_WARN_NON_VIRTUAL_DESTRUCTOR = YES;
				GCC_WARN_PROTOTYPE_CONVERSION = YES;
				GCC_WARN_SHADOW = YES;
				GCC_WARN_SIGN_COMPARE = YES;
				GCC_WARN_STRICT_SELECTOR_MATCH = YES;
				GCC_WARN_UNINITIALIZED_AUTOS = YES;
				GCC_WARN_UNKNOWN_PRAGMAS = YES;
				GCC_WARN_UNUSED_FUNCTION = YES;
				GCC_WARN_UNUSED_LABEL = YES;
				GCC_WARN_UNUSED_PARAMETER = YES;
				GCC_WARN_UNUSED_VALUE = YES;
				GCC_WARN_UNUSED_VARIABLE = YES;
				ONLY_ACTIVE_ARCH = YES;
				PREBINDING = NO;
				SDKROOT = macosx10.6;
			};
			name = Development;
		};
		C01FCF5008A954540054247B /* Release */ = {
			isa = XCBuildConfiguration;
			buildSettings = {
				ARCHS = "$(ARCHS_STANDARD_32_64_BIT)";
				GCC_C_LANGUAGE_STANDARD = gnu99;
				GCC_TREAT_IMPLICIT_FUNCTION_DECLARATIONS_AS_ERRORS = YES;
				GCC_TREAT_NONCONFORMANT_CODE_ERRORS_AS_WARNINGS = YES;
				GCC_TREAT_WARNINGS_AS_ERRORS = YES;
				GCC_VERSION = com.apple.compilers.llvm.clang.1_0;
				GCC_WARN_64_TO_32_BIT_CONVERSION = YES;
				GCC_WARN_ABOUT_GLOBAL_CONSTRUCTORS = YES;
				GCC_WARN_ABOUT_MISSING_FIELD_INITIALIZERS = YES;
				GCC_WARN_ABOUT_MISSING_NEWLINE = YES;
				GCC_WARN_ABOUT_MISSING_PROTOTYPES = YES;
				GCC_WARN_ABOUT_RETURN_TYPE = YES;
				GCC_WARN_CHECK_SWITCH_STATEMENTS = YES;
				GCC_WARN_EFFECTIVE_CPLUSPLUS_VIOLATIONS = YES;
				GCC_WARN_FOUR_CHARACTER_CONSTANTS = YES;
				GCC_WARN_HIDDEN_VIRTUAL_FUNCTIONS = YES;
				GCC_WARN_INHIBIT_ALL_WARNINGS = YES;
				GCC_WARN_INITIALIZER_NOT_FULLY_BRACKETED = YES;
				GCC_WARN_MISSING_PARENTHESES = YES;
				GCC_WARN_NON_VIRTUAL_DESTRUCTOR = YES;
				GCC_WARN_PROTOTYPE_CONVERSION = YES;
				GCC_WARN_SHADOW = YES;
				GCC_WARN_SIGN_COMPARE = YES;
				GCC_WARN_STRICT_SELECTOR_MATCH = YES;
				GCC_WARN_UNINITIALIZED_AUTOS = YES;
				GCC_WARN_UNKNOWN_PRAGMAS = YES;
				GCC_WARN_UNUSED_FUNCTION = YES;
				GCC_WARN_UNUSED_LABEL = YES;
				GCC_WARN_UNUSED_PARAMETER = YES;
				GCC_WARN_UNUSED_VALUE = YES;
				GCC_WARN_UNUSED_VARIABLE = YES;
				PREBINDING = NO;
				SDKROOT = macosx10.6;
			};
			name = Release;
		};
/* End XCBuildConfiguration section */

/* Begin XCConfigurationList section */
		C01FCF4A08A954540054247B /* Build configuration list for PBXNativeTarget "NetDemo" */ = {
			isa = XCConfigurationList;
			buildConfigurations = (
				C01FCF4B08A954540054247B /* Development */,
				C01FCF4C08A954540054247B /* Release */,
			);
			defaultConfigurationIsVisible = 0;
			defaultConfigurationName = Release;
		};
		C01FCF4E08A954540054247B /* Build configuration list for PBXProject "NetDemo" */ = {
			isa = XCConfigurationList;
			buildConfigurations = (
				C01FCF4F08A954540054247B /* Development */,
				C01FCF5008A954540054247B /* Release */,
			);
			defaultConfigurationIsVisible = 0;
			defaultConfigurationName = Release;
		};
/* End XCConfigurationList section */
	};
	rootObject = 29B97313FDCFA39411CA2CEA /* Project object */;
}
